
Microsoft Visual Studio Solution File, Format Version 12.00
# Visual Studio Version 17
VisualStudioVersion = 17.9.34622.214
MinimumVisualStudioVersion = 10.0.40219.1
Project("{9A19103F-16F7-4668-BE54-9A1E7A4F7556}") = "VendingManager", "VendingManager\VendingManager.csproj", "{FBE58B4D-794D-442D-9F23-318A728D0928}"
EndProject
Project("{FAE04EC0-301F-11D3-BF4B-00C04F79EFBC}") = "VendingManager.Tests", "VendingManager.Tests\VendingManager.Tests.csproj", "{7A208DBA-3602-4C2E-BA87-A34C8BCC3A01}"
EndProject
Global
	GlobalSection(SolutionConfigurationPlatforms) = preSolution
		Debug|Any CPU = Debug|Any CPU
		Release|Any CPU = Release|Any CPU
	EndGlobalSection
	GlobalSection(ProjectConfigurationPlatforms) = postSolution
		{FBE58B4D-794D-442D-9F23-318A728D0928}.Debug|Any CPU.ActiveCfg = Debug|Any CPU
		{FBE58B4D-794D-442D-9F23-318A728D0928}.Debug|Any CPU.Build.0 = Debug|Any CPU
		{FBE58B4D-794D-442D-9F23-318A728D0928}.Release|Any CPU.ActiveCfg = Release|Any CPU
		{FBE58B4D-794D-442D-9F23-318A728D0928}.Release|Any CPU.Build.0 = Release|Any CPU
		{7A208DBA-3602-4C2E-BA87-A34C8BCC3A01}.Debug|Any CPU.ActiveCfg = Debug|Any CPU
		{7A208DBA-3602-4C2E-BA87-A34C8BCC3A01}.Debug|Any CPU.Build.0 = Debug|Any CPU
		{7A208DBA-3602-4C2E-BA87-A34C8BCC3A01}.Release|Any CPU.ActiveCfg = Release|Any CPU
		{7A208DBA-3602-4C2E-BA87-A34C8BCC3A01}.Release|Any CPU.Build.0 = Release|Any CPU
	EndGlobalSection
	GlobalSection(SolutionProperties) = preSolution
		HideSolutionNode = FALSE
	EndGlobalSection
	GlobalSection(ExtensibilityGlobals) = postSolution
		SolutionGuid = {279300DF-B318-4A4A-A554-2D22F4D615D1}
	EndGlobalSection
EndGlobal
